# This file is autogenerated, do not edit; changes may be undone by the next 'dep ensure'.


[[projects]]
  branch = "master"
  name = "github.com/compose/composeaddresstranslator"
  packages = ["."]
  revision = "d8eddd6737f6e0c5f36ae2ed97756c61bcf7715b"

[[projects]]
  branch = "master"
  name = "github.com/gocql/gocql"
  packages = [".","internal/lru","internal/murmur","internal/streams"]
  revision = "2416cf340d32ee20794e739fa794968858295098"

[[projects]]
  branch = "master"
  name = "github.com/golang/snappy"
  packages = ["."]
  revision = "553a641470496b2327abcac10b36396bd98e45c9"

[[projects]]
  branch = "master"
  name = "github.com/hailocab/go-hostpool"
  packages = ["."]
  revision = "e80d13ce29ede4452c43dea11e79b9bc8a15b478"

[[projects]]
  branch = "master"
  name = "github.com/jmoiron/sqlx"
  packages = ["reflectx"]
  revision = "d9bd385d68c068f1fabb5057e3dedcbcbb039d0f"

[[projects]]
  branch = "master"
  name = "github.com/scylladb/gocqlx"
  packages = ["."]
  revision = "a66169d3bab48ee2c05e5ce1bfd65e087ca2bed8"

[[projects]]
  name = "gopkg.in/inf.v0"
  packages = ["."]
  revision = "3887ee99ecf07df5b447e9b00d9c0b2adaa9f3e4"
  version = "v0.9.0"

[solve-meta]
  analyzer-name = "dep"
  analyzer-version = 1
  inputs-digest = "42f500ed62641ffd14105fe95c61eebba5d8879b19c5df3debe624045edc44e2"
  solver-name = "gps-cdcl"
  solver-version = 1
